hash: 8eb750296cf6f4713b435c4860e338a405d4963877a1b116a1f447837c6efa0b
updated: 2016-11-19T19:50:08.85759304-05:00
imports:
- name: github.com/cenk/backoff
  version: b02f2bbce11d7ea6b97f282ef1771b0fe2f65ef3
- name: github.com/dancannon/gorethink
  version: 016a1d3b4d15951ab2e39bd3596718ba94d298ba
- name: github.com/dchest/uniuri
  version: 8902c56451e9b58ff940bbe5fec35d5f9c04584a
- name: github.com/dgrijalva/jwt-go
  version: d2709f9f1f31ebcda9651b03077758c1f3a0018c
- name: github.com/golang/protobuf
  version: 8ee79997227bf9b34611aee7946ae64735e6fd93
  subpackages:
  - proto
- name: github.com/graphql-go/graphql
  version: 8c317402d1b72dff3dd9008bad7e41d0ae96e3c6
  subpackages:
  - gqlerrors
  - language/ast
  - language/kinds
  - language/lexer
  - language/location
  - language/parser
  - language/printer
  - language/source
  - language/typeInfo
  - language/visitor
- name: github.com/graphql-go/handler
  version: 52e6de4fccd785952dce42265f316acd43a3053f
- name: github.com/graphql-go/relay
  version: 9054c3f9e4f31c403e404f1292d6d12874d1fdc5
- name: github.com/hailocab/go-hostpool
  version: e80d13ce29ede4452c43dea11e79b9bc8a15b478
- name: github.com/kabukky/httpscerts
  version: 617593d7dcb39c9ed617bb62c5e2056244d02184
- name: github.com/klauspost/compress
  version: e3b7981a12dd3cab49afa1d3a50e715846f23732
  subpackages:
  - flate
  - gzip
  - zlib
- name: github.com/klauspost/cpuid
  version: 09cded8978dc9e80714c4d85b0322337b0a1e5e0
- name: github.com/klauspost/crc32
  version: cb6bfca970f6908083f26f39a79009d608efd5cd
- name: github.com/labstack/echo
  version: bc173df6ba59e1ee2378b3d68b7ff6d6b8abe742
  subpackages:
  - context
  - engine
  - engine/fasthttp
  - log
  - middleware
- name: github.com/labstack/gommon
  version: 9a43ff0d261e0e65594422e9eee08cf301aabbe7
  subpackages:
  - bytes
  - color
  - log
  - random
- name: github.com/mattn/go-colorable
  version: d228849504861217f796da67fae4f6e347643f15
- name: github.com/mattn/go-isatty
  version: 66b8e73f3f5cda9f96b69efd03dd3d7fc4a5cdb8
- name: github.com/nfrush/G2R2-Blog-Build
  version: 90a008de0d46b00a1e2704b1edd0eef7de04d8d1
  subpackages:
  - controllers/user
  - database/rethink
  - models/token
  - models/user
  - services/token
- name: github.com/nfrush/Go-MarketPlace
  version: d579daa7543239ee2cb6a43536f9707339399c6f
  subpackages:
  - controllers/authenication
  - controllers/user
  - database
  - models/jwt
  - models/user
  - routers
  - services/authenication
  - services/jwt
  - services/user
- name: github.com/Sirupsen/logrus
  version: a437dfd2463eaedbec3dfe443e477d3b0a810b3f
- name: github.com/valyala/bytebufferpool
  version: e746df99fe4a3986f4d4f79e13c1e0117ce9c2f7
- name: github.com/valyala/fasthttp
  version: 1913bdea45d5d9515c6b9433683bfc8950402389
  subpackages:
  - fasthttputil
  - stackless
- name: github.com/valyala/fasttemplate
  version: 3b874956e03f1636d171bda64b130f9135f42cff
- name: golang.org/x/crypto
  version: 9477e0b78b9ac3d0b03822fd95422e2fe07627cd
  subpackages:
  - bcrypt
  - blowfish
  - pbkdf2
- name: golang.org/x/net
  version: 4971afdc2f162e82d185353533d3cf16188a9f4e
  subpackages:
  - context
- name: golang.org/x/sys
  version: b699b7032584f0953262cb2788a0ca19bb494703
  subpackages:
  - unix
- name: gopkg.in/dancannon/gorethink.v2
  version: 016a1d3b4d15951ab2e39bd3596718ba94d298ba
  subpackages:
  - encoding
  - ql2
  - types
- name: gopkg.in/fatih/pool.v2
  version: 20a0a429c5f93de45c90f5f09ea297c25e0929b3
testImports: []
